// !$*UTF8*$!
{
	archiveVersion = 1;
	classes = {
	};
	objectVersion = 48;
	objects = {

/* Begin PBXBuildFile section */
		BD9749C20350F1F37098974A /* Pods_TodoList.framework in Frameworks */ = {isa = PBXBuildFile; fileRef = 841AE86F137ABAF62C931B7A /* Pods_TodoList.framework */; };
		E053ADF720735580002CECB9 /* AppDelegate.swift in Sources */ = {isa = PBXBuildFile; fileRef = E053ADF620735580002CECB9 /* AppDelegate.swift */; };
		E053ADF920735580002CECB9 /* TodoListViewController.swift in Sources */ = {isa = PBXBuildFile; fileRef = E053ADF820735580002CECB9 /* TodoListViewController.swift */; };
		E053ADFC20735580002CECB9 /* Main.storyboard in Resources */ = {isa = PBXBuildFile; fileRef = E053ADFA20735580002CECB9 /* Main.storyboard */; };
		E053ADFE20735580002CECB9 /* Assets.xcassets in Resources */ = {isa = PBXBuildFile; fileRef = E053ADFD20735580002CECB9 /* Assets.xcassets */; };
		E053AE0120735580002CECB9 /* LaunchScreen.storyboard in Resources */ = {isa = PBXBuildFile; fileRef = E053ADFF20735580002CECB9 /* LaunchScreen.storyboard */; };
		E053AE35207E28BA002CECB9 /* CategoryViewController.swift in Sources */ = {isa = PBXBuildFile; fileRef = E053AE34207E28BA002CECB9 /* CategoryViewController.swift */; };
		E053B3852084C9CD004E8005 /* Item.swift in Sources */ = {isa = PBXBuildFile; fileRef = E053B3842084C9CD004E8005 /* Item.swift */; };
		E053B3872084C9DF004E8005 /* Category.swift in Sources */ = {isa = PBXBuildFile; fileRef = E053B3862084C9DF004E8005 /* Category.swift */; };
/* End PBXBuildFile section */

/* Begin PBXFileReference section */
		841AE86F137ABAF62C931B7A /* Pods_TodoList.framework */ = {isa = PBXFileReference; explicitFileType = wrapper.framework; includeInIndex = 0; path = Pods_TodoList.framework; sourceTree = BUILT_PRODUCTS_DIR; };
		D3031409117027632518A102 /* Pods-TodoList.debug.xcconfig */ = {isa = PBXFileReference; includeInIndex = 1; lastKnownFileType = text.xcconfig; name = "Pods-TodoList.debug.xcconfig"; path = "Pods/Target Support Files/Pods-TodoList/Pods-TodoList.debug.xcconfig"; sourceTree = "<group>"; };
		DE48ADCDE03DB36DE5E47E29 /* Pods-TodoList.release.xcconfig */ = {isa = PBXFileReference; includeInIndex = 1; lastKnownFileType = text.xcconfig; name = "Pods-TodoList.release.xcconfig"; path = "Pods/Target Support Files/Pods-TodoList/Pods-TodoList.release.xcconfig"; sourceTree = "<group>"; };
		E053ADF320735580002CECB9 /* TodoList.app */ = {isa = PBXFileReference; explicitFileType = wrapper.application; includeInIndex = 0; path = TodoList.app; sourceTree = BUILT_PRODUCTS_DIR; };
		E053ADF620735580002CECB9 /* AppDelegate.swift */ = {isa = PBXFileReference; lastKnownFileType = sourcecode.swift; path = AppDelegate.swift; sourceTree = "<group>"; };
		E053ADF820735580002CECB9 /* TodoListViewController.swift */ = {isa = PBXFileReference; lastKnownFileType = sourcecode.swift; path = TodoListViewController.swift; sourceTree = "<group>"; };
		E053ADFB20735580002CECB9 /* Base */ = {isa = PBXFileReference; lastKnownFileType = file.storyboard; name = Base; path = Base.lproj/Main.storyboard; sourceTree = "<group>"; };
		E053ADFD20735580002CECB9 /* Assets.xcassets */ = {isa = PBXFileReference; lastKnownFileType = folder.assetcatalog; path = Assets.xcassets; sourceTree = "<group>"; };
		E053AE0020735580002CECB9 /* Base */ = {isa = PBXFileReference; lastKnownFileType = file.storyboard; name = Base; path = Base.lproj/LaunchScreen.storyboard; sourceTree = "<group>"; };
		E053AE0220735580002CECB9 /* Info.plist */ = {isa = PBXFileReference; lastKnownFileType = text.plist.xml; path = Info.plist; sourceTree = "<group>"; };
		E053AE34207E28BA002CECB9 /* CategoryViewController.swift */ = {isa = PBXFileReference; lastKnownFileType = sourcecode.swift; path = CategoryViewController.swift; sourceTree = "<group>"; };
		E053B3842084C9CD004E8005 /* Item.swift */ = {isa = PBXFileReference; lastKnownFileType = sourcecode.swift; path = Item.swift; sourceTree = "<group>"; };
		E053B3862084C9DF004E8005 /* Category.swift */ = {isa = PBXFileReference; lastKnownFileType = sourcecode.swift; path = Category.swift; sourceTree = "<group>"; };
/* End PBXFileReference section */

/* Begin PBXFrameworksBuildPhase section */
		E053ADF020735580002CECB9 /* Frameworks */ = {
			isa = PBXFrameworksBuildPhase;
			buildActionMask = 2147483647;
			files = (
				BD9749C20350F1F37098974A /* Pods_TodoList.framework in Frameworks */,
			);
			runOnlyForDeploymentPostprocessing = 0;
		};
/* End PBXFrameworksBuildPhase section */

/* Begin PBXGroup section */
		1D88632CFF2BBB2B92B1696C /* Pods */ = {
			isa = PBXGroup;
			children = (
				D3031409117027632518A102 /* Pods-TodoList.debug.xcconfig */,
				DE48ADCDE03DB36DE5E47E29 /* Pods-TodoList.release.xcconfig */,
			);
			name = Pods;
			sourceTree = "<group>";
		};
		3D2CBBCD8816FF1386C547BD /* Frameworks */ = {
			isa = PBXGroup;
			children = (
				841AE86F137ABAF62C931B7A /* Pods_TodoList.framework */,
			);
			name = Frameworks;
			sourceTree = "<group>";
		};
		E053ADEA2073557F002CECB9 = {
			isa = PBXGroup;
			children = (
				E053ADF520735580002CECB9 /* TodoList */,
				E053ADF420735580002CECB9 /* Products */,
				1D88632CFF2BBB2B92B1696C /* Pods */,
				3D2CBBCD8816FF1386C547BD /* Frameworks */,
			);
			sourceTree = "<group>";
		};
		E053ADF420735580002CECB9 /* Products */ = {
			isa = PBXGroup;
			children = (
				E053ADF320735580002CECB9 /* TodoList.app */,
			);
			name = Products;
			sourceTree = "<group>";
		};
		E053ADF520735580002CECB9 /* TodoList */ = {
			isa = PBXGroup;
			children = (
				E053ADF620735580002CECB9 /* AppDelegate.swift */,
				E053AE0B2074FA63002CECB9 /* Controllers */,
				E053AE0C2074FA69002CECB9 /* Views */,
				E053AE0220735580002CECB9 /* Info.plist */,
				E053AE0A2074FA38002CECB9 /* Model */,
				E053AE0D2074FAF5002CECB9 /* Supporting Files */,
			);
			path = TodoList;
			sourceTree = "<group>";
		};
		E053AE0A2074FA38002CECB9 /* Model */ = {
			isa = PBXGroup;
			children = (
				E053B3842084C9CD004E8005 /* Item.swift */,
				E053B3862084C9DF004E8005 /* Category.swift */,
			);
			path = Model;
			sourceTree = "<group>";
		};
		E053AE0B2074FA63002CECB9 /* Controllers */ = {
			isa = PBXGroup;
			children = (
				E053AE34207E28BA002CECB9 /* CategoryViewController.swift */,
				E053ADF820735580002CECB9 /* TodoListViewController.swift */,
			);
			path = Controllers;
			sourceTree = "<group>";
		};
		E053AE0C2074FA69002CECB9 /* Views */ = {
			isa = PBXGroup;
			children = (
				E053ADFA20735580002CECB9 /* Main.storyboard */,
			);
			path = Views;
			sourceTree = "<group>";
		};
		E053AE0D2074FAF5002CECB9 /* Supporting Files */ = {
			isa = PBXGroup;
			children = (
				E053ADFD20735580002CECB9 /* Assets.xcassets */,
				E053ADFF20735580002CECB9 /* LaunchScreen.storyboard */,
			);
			path = "Supporting Files";
			sourceTree = "<group>";
		};
/* End PBXGroup section */

/* Begin PBXNativeTarget section */
		E053ADF220735580002CECB9 /* TodoList */ = {
			isa = PBXNativeTarget;
			buildConfigurationList = E053AE0520735580002CECB9 /* Build configuration list for PBXNativeTarget "TodoList" */;
			buildPhases = (
				88D78E67A794FB54F54E7CE3 /* [CP] Check Pods Manifest.lock */,
				E053ADEF20735580002CECB9 /* Sources */,
				E053ADF020735580002CECB9 /* Frameworks */,
				E053ADF120735580002CECB9 /* Resources */,
				1D5CC3723BFE66B9C0E5AE27 /* [CP] Embed Pods Frameworks */,
				23E5091CF55F8CAE386AC740 /* [CP] Copy Pods Resources */,
			);
			buildRules = (
			);
			dependencies = (
			);
			name = TodoList;
			productName = TodoList;
			productReference = E053ADF320735580002CECB9 /* TodoList.app */;
			productType = "com.apple.product-type.application";
		};
/* End PBXNativeTarget section */

/* Begin PBXProject section */
		E053ADEB2073557F002CECB9 /* Project object */ = {
			isa = PBXProject;
			attributes = {
				LastSwiftUpdateCheck = 0920;
				LastUpgradeCheck = 0930;
				ORGANIZATIONNAME = "Winton Li";
				TargetAttributes = {
					E053ADF220735580002CECB9 = {
						CreatedOnToolsVersion = 9.2;
						ProvisioningStyle = Automatic;
					};
				};
			};
			buildConfigurationList = E053ADEE2073557F002CECB9 /* Build configuration list for PBXProject "TodoList" */;
			compatibilityVersion = "Xcode 8.0";
			developmentRegion = en;
			hasScannedForEncodings = 0;
			knownRegions = (
				en,
				Base,
			);
			mainGroup = E053ADEA2073557F002CECB9;
			productRefGroup = E053ADF420735580002CECB9 /* Products */;
			projectDirPath = "";
			projectRoot = "";
			targets = (
				E053ADF220735580002CECB9 /* TodoList */,
			);
		};
/* End PBXProject section */

/* Begin PBXResourcesBuildPhase section */
		E053ADF120735580002CECB9 /* Resources */ = {
			isa = PBXResourcesBuildPhase;
			buildActionMask = 2147483647;
			files = (
				E053AE0120735580002CECB9 /* LaunchScreen.storyboard in Resources */,
				E053ADFE20735580002CECB9 /* Assets.xcassets in Resources */,
				E053ADFC20735580002CECB9 /* Main.storyboard in Resources */,
			);
			runOnlyForDeploymentPostprocessing = 0;
		};
/* End PBXResourcesBuildPhase section */

/* Begin PBXShellScriptBuildPhase section */
		1D5CC3723BFE66B9C0E5AE27 /* [CP] Embed Pods Frameworks */ = {
			isa = PBXShellScriptBuildPhase;
			buildActionMask = 2147483647;
			files = (
			);
			inputPaths = (
				"${SRCROOT}/Pods/Target Support Files/Pods-TodoList/Pods-TodoList-frameworks.sh",
				"${BUILT_PRODUCTS_DIR}/Realm/Realm.framework",
				"${BUILT_PRODUCTS_DIR}/RealmSwift/RealmSwift.framework",
			);
			name = "[CP] Embed Pods Frameworks";
			outputPaths = (
				"${TARGET_BUILD_DIR}/${FRAMEWORKS_FOLDER_PATH}/Realm.framework",
				"${TARGET_BUILD_DIR}/${FRAMEWORKS_FOLDER_PATH}/RealmSwift.framework",
			);
			runOnlyForDeploymentPostprocessing = 0;
			shellPath = /bin/sh;
			shellScript = "\"${SRCROOT}/Pods/Target Support Files/Pods-TodoList/Pods-TodoList-frameworks.sh\"\n";
			showEnvVarsInLog = 0;
		};
		23E5091CF55F8CAE386AC740 /* [CP] Copy Pods Resources */ = {
			isa = PBXShellScriptBuildPhase;
			buildActionMask = 2147483647;
			files = (
			);
			inputPaths = (
			);
			name = "[CP] Copy Pods Resources";
			outputPaths = (
			);
			runOnlyForDeploymentPostprocessing = 0;
			shellPath = /bin/sh;
			shellScript = "\"${SRCROOT}/Pods/Target Support Files/Pods-TodoList/Pods-TodoList-resources.sh\"\n";
			showEnvVarsInLog = 0;
		};
		88D78E67A794FB54F54E7CE3 /* [CP] Check Pods Manifest.lock */ = {
			isa = PBXShellScriptBuildPhase;
			buildActionMask = 2147483647;
			files = (
			);
			inputPaths = (
				"${PODS_PODFILE_DIR_PATH}/Podfile.lock",
				"${PODS_ROOT}/Manifest.lock",
			);
			name = "[CP] Check Pods Manifest.lock";
			outputPaths = (
				"$(DERIVED_FILE_DIR)/Pods-TodoList-checkManifestLockResult.txt",
			);
			runOnlyForDeploymentPostprocessing = 0;
			shellPath = /bin/sh;
			shellScript = "diff \"${PODS_PODFILE_DIR_PATH}/Podfile.lock\" \"${PODS_ROOT}/Manifest.lock\" > /dev/null\nif [ $? != 0 ] ; then\n    # print error to STDERR\n    echo \"error: The sandbox is not in sync with the Podfile.lock. Run 'pod install' or update your CocoaPods installation.\" >&2\n    exit 1\nfi\n# This output is used by Xcode 'outputs' to avoid re-running this script phase.\necho \"SUCCESS\" > \"${SCRIPT_OUTPUT_FILE_0}\"\n";
			showEnvVarsInLog = 0;
		};
/* End PBXShellScriptBuildPhase section */

/* Begin PBXSourcesBuildPhase section */
		E053ADEF20735580002CECB9 /* Sources */ = {
			isa = PBXSourcesBuildPhase;
			buildActionMask = 2147483647;
			files = (
				E053B3852084C9CD004E8005 /* Item.swift in Sources */,
				E053AE35207E28BA002CECB9 /* CategoryViewController.swift in Sources */,
				E053ADF920735580002CECB9 /* TodoListViewController.swift in Sources */,
				E053ADF720735580002CECB9 /* AppDelegate.swift in Sources */,
				E053B3872084C9DF004E8005 /* Category.swift in Sources */,
			);
			runOnlyForDeploymentPostprocessing = 0;
		};
/* End PBXSourcesBuildPhase section */

/* Begin PBXVariantGroup section */
		E053ADFA20735580002CECB9 /* Main.storyboard */ = {
			isa = PBXVariantGroup;
			children = (
				E053ADFB20735580002CECB9 /* Base */,
			);
			name = Main.storyboard;
			sourceTree = "<group>";
		};
		E053ADFF20735580002CECB9 /* LaunchScreen.storyboard */ = {
			isa = PBXVariantGroup;
			children = (
				E053AE0020735580002CECB9 /* Base */,
			);
			name = LaunchScreen.storyboard;
			sourceTree = "<group>";
		};
/* End PBXVariantGroup section */

/* Begin XCBuildConfiguration section */
		E053AE0320735580002CECB9 /* Debug */ = {
			isa = XCBuildConfiguration;
			buildSettings = {
				ALWAYS_SEARCH_USER_PATHS = NO;
				CLANG_ANALYZER_NONNULL = YES;
				CLANG_ANALYZER_NUMBER_OBJECT_CONVERSION = YES_AGGRESSIVE;
				CLANG_CXX_LANGUAGE_STANDARD = "gnu++14";
				CLANG_CXX_LIBRARY = "libc++";
				CLANG_ENABLE_MODULES = YES;
				CLANG_ENABLE_OBJC_ARC = YES;
				CLANG_WARN_BLOCK_CAPTURE_AUTORELEASING = YES;
				CLANG_WARN_BOOL_CONVERSION = YES;
				CLANG_WARN_COMMA = YES;
				CLANG_WARN_CONSTANT_CONVERSION = YES;
				CLANG_WARN_DEPRECATED_OBJC_IMPLEMENTATIONS = YES;
				CLANG_WARN_DIRECT_OBJC_ISA_USAGE = YES_ERROR;
				CLANG_WARN_DOCUMENTATION_COMMENTS = YES;
				CLANG_WARN_EMPTY_BODY = YES;
				CLANG_WARN_ENUM_CONVERSION = YES;
				CLANG_WARN_INFINITE_RECURSION = YES;
				CLANG_WARN_INT_CONVERSION = YES;
				CLANG_WARN_NON_LITERAL_NULL_CONVERSION = YES;
				CLANG_WARN_OBJC_IMPLICIT_RETAIN_SELF = YES;
				CLANG_WARN_OBJC_LITERAL_CONVERSION = YES;
				CLANG_WARN_OBJC_ROOT_CLASS = YES_ERROR;
				CLANG_WARN_RANGE_LOOP_ANALYSIS = YES;
				CLANG_WARN_STRICT_PROTOTYPES = YES;
				CLANG_WARN_SUSPICIOUS_MOVE = YES;
				CLANG_WARN_UNGUARDED_AVAILABILITY = YES_AGGRESSIVE;
				CLANG_WARN_UNREACHABLE_CODE = YES;
				CLANG_WARN__DUPLICATE_METHOD_MATCH = YES;
				CODE_SIGN_IDENTITY = "iPhone Developer";
				COPY_PHASE_STRIP = NO;
				DEBUG_INFORMATION_FORMAT = dwarf;
				ENABLE_STRICT_OBJC_MSGSEND = YES;
				ENABLE_TESTABILITY = YES;
				GCC_C_LANGUAGE_STANDARD = gnu11;
				GCC_DYNAMIC_NO_PIC = NO;
				GCC_NO_COMMON_BLOCKS = YES;
				GCC_OPTIMIZATION_LEVEL = 0;
				GCC_PREPROCESSOR_DEFINITIONS = (
					"DEBUG=1",
					"$(inherited)",
				);
				GCC_WARN_64_TO_32_BIT_CONVERSION = YES;
				GCC_WARN_ABOUT_RETURN_TYPE = YES_ERROR;
				GCC_WARN_UNDECLARED_SELECTOR = YES;
				GCC_WARN_UNINITIALIZED_AUTOS = YES_AGGRESSIVE;
				GCC_WARN_UNUSED_FUNCTION = YES;
				GCC_WARN_UNUSED_VARIABLE = YES;
				IPHONEOS_DEPLOYMENT_TARGET = 11.2;
				MTL_ENABLE_DEBUG_INFO = YES;
				ONLY_ACTIVE_ARCH = YES;
				SDKROOT = iphoneos;
				SWIFT_ACTIVE_COMPILATION_CONDITIONS = DEBUG;
				SWIFT_OPTIMIZATION_LEVEL = "-Onone";
			};
			name = Debug;
		};
		E053AE0420735580002CECB9 /* Release */ = {
			isa = XCBuildConfiguration;
			buildSettings = {
				ALWAYS_SEARCH_USER_PATHS = NO;
				CLANG_ANALYZER_NONNULL = YES;
				CLANG_ANALYZER_NUMBER_OBJECT_CONVERSION = YES_AGGRESSIVE;
				CLANG_CXX_LANGUAGE_STANDARD = "gnu++14";
				CLANG_CXX_LIBRARY = "libc++";
				CLANG_ENABLE_MODULES = YES;
				CLANG_ENABLE_OBJC_ARC = YES;
				CLANG_WARN_BLOCK_CAPTURE_AUTORELEASING = YES;
				CLANG_WARN_BOOL_CONVERSION = YES;
				CLANG_WARN_COMMA = YES;
				CLANG_WARN_CONSTANT_CONVERSION = YES;
				CLANG_WARN_DEPRECATED_OBJC_IMPLEMENTATIONS = YES;
				CLANG_WARN_DIRECT_OBJC_ISA_USAGE = YES_ERROR;
				CLANG_WARN_DOCUMENTATION_COMMENTS = YES;
				CLANG_WARN_EMPTY_BODY = YES;
				CLANG_WARN_ENUM_CONVERSION = YES;
				CLANG_WARN_INFINITE_RECURSION = YES;
				CLANG_WARN_INT_CONVERSION = YES;
				CLANG_WARN_NON_LITERAL_NULL_CONVERSION = YES;
				CLANG_WARN_OBJC_IMPLICIT_RETAIN_SELF = YES;
				CLANG_WARN_OBJC_LITERAL_CONVERSION = YES;
				CLANG_WARN_OBJC_ROOT_CLASS = YES_ERROR;
				CLANG_WARN_RANGE_LOOP_ANALYSIS = YES;
				CLANG_WARN_STRICT_PROTOTYPES = YES;
				CLANG_WARN_SUSPICIOUS_MOVE = YES;
				CLANG_WARN_UNGUARDED_AVAILABILITY = YES_AGGRESSIVE;
				CLANG_WARN_UNREACHABLE_CODE = YES;
				CLANG_WARN__DUPLICATE_METHOD_MATCH = YES;
				CODE_SIGN_IDENTITY = "iPhone Developer";
				COPY_PHASE_STRIP = NO;
				DEBUG_INFORMATION_FORMAT = "dwarf-with-dsym";
				ENABLE_NS_ASSERTIONS = NO;
				ENABLE_STRICT_OBJC_MSGSEND = YES;
				GCC_C_LANGUAGE_STANDARD = gnu11;
				GCC_NO_COMMON_BLOCKS = YES;
				GCC_WARN_64_TO_32_BIT_CONVERSION = YES;
				GCC_WARN_ABOUT_RETURN_TYPE = YES_ERROR;
				GCC_WARN_UNDECLARED_SELECTOR = YES;
				GCC_WARN_UNINITIALIZED_AUTOS = YES_AGGRESSIVE;
				GCC_WARN_UNUSED_FUNCTION = YES;
				GCC_WARN_UNUSED_VARIABLE = YES;
				IPHONEOS_DEPLOYMENT_TARGET = 11.2;
				MTL_ENABLE_DEBUG_INFO = NO;
				SDKROOT = iphoneos;
				SWIFT_OPTIMIZATION_LEVEL = "-Owholemodule";
				VALIDATE_PRODUCT = YES;
			};
			name = Release;
		};
		E053AE0620735580002CECB9 /* Debug */ = {
			isa = XCBuildConfiguration;
			baseConfigurationReference = D3031409117027632518A102 /* Pods-TodoList.debug.xcconfig */;
			buildSettings = {
				ASSETCATALOG_COMPILER_APPICON_NAME = AppIcon;
				CODE_SIGN_STYLE = Automatic;
				DEVELOPMENT_TEAM = 58YJ4N69KN;
				INFOPLIST_FILE = TodoList/Info.plist;
				LD_RUNPATH_SEARCH_PATHS = "$(inherited) @executable_path/Frameworks";
				PRODUCT_BUNDLE_IDENTIFIER = com.weijie.TodoList;
				PRODUCT_NAME = "$(TARGET_NAME)";
				SWIFT_VERSION = 4.0;
				TARGETED_DEVICE_FAMILY = "1,2";
			};
			name = Debug;
		};
		E053AE0720735580002CECB9 /* Release */ = {
			isa = XCBuildConfiguration;
			baseConfigurationReference = DE48ADCDE03DB36DE5E47E29 /* Pods-TodoList.release.xcconfig */;
			buildSettings = {
				ASSETCATALOG_COMPILER_APPICON_NAME = AppIcon;
				CODE_SIGN_STYLE = Automatic;
				DEVELOPMENT_TEAM = 58YJ4N69KN;
				INFOPLIST_FILE = TodoList/Info.plist;
				LD_RUNPATH_SEARCH_PATHS = "$(inherited) @executable_path/Frameworks";
				PRODUCT_BUNDLE_IDENTIFIER = com.weijie.TodoList;
				PRODUCT_NAME = "$(TARGET_NAME)";
				SWIFT_VERSION = 4.0;
				TARGETED_DEVICE_FAMILY = "1,2";
			};
			name = Release;
		};
/* End XCBuildConfiguration section */

/* Begin XCConfigurationList section */
		E053ADEE2073557F002CECB9 /* Build configuration list for PBXProject "TodoList" */ = {
			isa = XCConfigurationList;
			buildConfigurations = (
				E053AE0320735580002CECB9 /* Debug */,
				E053AE0420735580002CECB9 /* Release */,
			);
			defaultConfigurationIsVisible = 0;
			defaultConfigurationName = Release;
		};
		E053AE0520735580002CECB9 /* Build configuration list for PBXNativeTarget "TodoList" */ = {
			isa = XCConfigurationList;
			buildConfigurations = (
				E053AE0620735580002CECB9 /* Debug */,
				E053AE0720735580002CECB9 /* Release */,
			);
			defaultConfigurationIsVisible = 0;
			defaultConfigurationName = Release;
		};
/* End XCConfigurationList section */
	};
	rootObject = E053ADEB2073557F002CECB9 /* Project object */;
}
